
Microsoft Visual Studio Solution File, Format Version 12.00
# Visual Studio Version 16
VisualStudioVersion = 16.0.32002.261
MinimumVisualStudioVersion = 10.0.40219.1
Project("{9A19103F-16F7-4668-BE54-9A1E7A4F7556}") = "TheProject.WinUI", "TheProject.WinUI\TheProject.WinUI.csproj", "{749F253A-2DE6-496D-9D40-1A39F3CD8347}"
EndProject
Project("{9A19103F-16F7-4668-BE54-9A1E7A4F7556}") = "TheProject.API", "TheProject.API\TheProject.API.csproj", "{7A844B13-7D67-4923-BFA3-ADEBC8992A1C}"
EndProject
Global
	GlobalSection(SolutionConfigurationPlatforms) = preSolution
		Debug|Any CPU = Debug|Any CPU
		Debug|arm64 = Debug|arm64
		Debug|x64 = Debug|x64
		Debug|x86 = Debug|x86
		Release|Any CPU = Release|Any CPU
		Release|arm64 = Release|arm64
		Release|x64 = Release|x64
		Release|x86 = Release|x86
	EndGlobalSection
	GlobalSection(ProjectConfigurationPlatforms) = postSolution
		{749F253A-2DE6-496D-9D40-1A39F3CD8347}.Debug|Any CPU.ActiveCfg = Debug|x86
		{749F253A-2DE6-496D-9D40-1A39F3CD8347}.Debug|arm64.ActiveCfg = Debug|arm64
		{749F253A-2DE6-496D-9D40-1A39F3CD8347}.Debug|arm64.Build.0 = Debug|arm64
		{749F253A-2DE6-496D-9D40-1A39F3CD8347}.Debug|arm64.Deploy.0 = Debug|arm64
		{749F253A-2DE6-496D-9D40-1A39F3CD8347}.Debug|x64.ActiveCfg = Debug|x64
		{749F253A-2DE6-496D-9D40-1A39F3CD8347}.Debug|x64.Build.0 = Debug|x64
		{749F253A-2DE6-496D-9D40-1A39F3CD8347}.Debug|x64.Deploy.0 = Debug|x64
		{749F253A-2DE6-496D-9D40-1A39F3CD8347}.Debug|x86.ActiveCfg = Debug|x86
		{749F253A-2DE6-496D-9D40-1A39F3CD8347}.Debug|x86.Build.0 = Debug|x86
		{749F253A-2DE6-496D-9D40-1A39F3CD8347}.Debug|x86.Deploy.0 = Debug|x86
		{749F253A-2DE6-496D-9D40-1A39F3CD8347}.Release|Any CPU.ActiveCfg = Release|x86
		{749F253A-2DE6-496D-9D40-1A39F3CD8347}.Release|arm64.ActiveCfg = Release|arm64
		{749F253A-2DE6-496D-9D40-1A39F3CD8347}.Release|arm64.Build.0 = Release|arm64
		{749F253A-2DE6-496D-9D40-1A39F3CD8347}.Release|arm64.Deploy.0 = Release|arm64
		{749F253A-2DE6-496D-9D40-1A39F3CD8347}.Release|x64.ActiveCfg = Release|x64
		{749F253A-2DE6-496D-9D40-1A39F3CD8347}.Release|x64.Build.0 = Release|x64
		{749F253A-2DE6-496D-9D40-1A39F3CD8347}.Release|x64.Deploy.0 = Release|x64
		{749F253A-2DE6-496D-9D40-1A39F3CD8347}.Release|x86.ActiveCfg = Release|x86
		{749F253A-2DE6-496D-9D40-1A39F3CD8347}.Release|x86.Build.0 = Release|x86
		{7A844B13-7D67-4923-BFA3-ADEBC8992A1C}.Debug|Any CPU.ActiveCfg = Debug|Any CPU
		{7A844B13-7D67-4923-BFA3-ADEBC8992A1C}.Debug|Any CPU.Build.0 = Debug|Any CPU
		{7A844B13-7D67-4923-BFA3-ADEBC8992A1C}.Debug|arm64.ActiveCfg = Debug|Any CPU
		{7A844B13-7D67-4923-BFA3-ADEBC8992A1C}.Debug|arm64.Build.0 = Debug|Any CPU
		{7A844B13-7D67-4923-BFA3-ADEBC8992A1C}.Debug|x64.ActiveCfg = Debug|Any CPU
		{7A844B13-7D67-4923-BFA3-ADEBC8992A1C}.Debug|x64.Build.0 = Debug|Any CPU
		{7A844B13-7D67-4923-BFA3-ADEBC8992A1C}.Debug|x86.ActiveCfg = Debug|Any CPU
		{7A844B13-7D67-4923-BFA3-ADEBC8992A1C}.Debug|x86.Build.0 = Debug|Any CPU
		{7A844B13-7D67-4923-BFA3-ADEBC8992A1C}.Release|Any CPU.ActiveCfg = Release|Any CPU
		{7A844B13-7D67-4923-BFA3-ADEBC8992A1C}.Release|Any CPU.Build.0 = Release|Any CPU
		{7A844B13-7D67-4923-BFA3-ADEBC8992A1C}.Release|arm64.ActiveCfg = Release|Any CPU
		{7A844B13-7D67-4923-BFA3-ADEBC8992A1C}.Release|arm64.Build.0 = Release|Any CPU
		{7A844B13-7D67-4923-BFA3-ADEBC8992A1C}.Release|x64.ActiveCfg = Release|Any CPU
		{7A844B13-7D67-4923-BFA3-ADEBC8992A1C}.Release|x64.Build.0 = Release|Any CPU
		{7A844B13-7D67-4923-BFA3-ADEBC8992A1C}.Release|x86.ActiveCfg = Release|Any CPU
		{7A844B13-7D67-4923-BFA3-ADEBC8992A1C}.Release|x86.Build.0 = Release|Any CPU
	EndGlobalSection
	GlobalSection(SolutionProperties) = preSolution
		HideSolutionNode = FALSE
	EndGlobalSection
	GlobalSection(ExtensibilityGlobals) = postSolution
		SolutionGuid = {792219B3-5EEA-4A7E-815C-0B46C139508F}
	EndGlobalSection
EndGlobal
